
Microsoft Visual Studio Solution File, Format Version 12.00
# Visual Studio Version 17
VisualStudioVersion = 17.0.31903.59
MinimumVisualStudioVersion = 10.0.40219.1
Project("{2150E333-8FDC-42A3-9474-1A3956D46DE8}") = "src", "src", "{7046F7B6-610D-4234-9267-CA64F8DC9586}"
EndProject
Project("{FAE04EC0-301F-11D3-BF4B-00C04F79EFBC}") = "LoopWorth.Api", "src\LoopWorth.Api\LoopWorth.Api.csproj", "{6B2143C5-E087-45C7-8635-89E56497C19E}"
EndProject
Project("{FAE04EC0-301F-11D3-BF4B-00C04F79EFBC}") = "LoopWorth.Application", "src\LoopWorth.Application\LoopWorth.Application.csproj", "{08233E97-D8ED-4EBA-A100-4C6F008E6833}"
EndProject
Project("{FAE04EC0-301F-11D3-BF4B-00C04F79EFBC}") = "LoopWorth.Domain", "src\LoopWorth.Domain\LoopWorth.Domain.csproj", "{1E820383-9B9B-4D6B-96B9-61B70C7203C0}"
EndProject
Project("{FAE04EC0-301F-11D3-BF4B-00C04F79EFBC}") = "LoopWorth.Infrastructure", "src\LoopWorth.Infrastructure\LoopWorth.Infrastructure.csproj", "{F34B8883-B413-43B9-84EC-0C67C88323E2}"
EndProject
Project("{2150E333-8FDC-42A3-9474-1A3956D46DE8}") = "tests", "tests", "{B9B83D40-A605-428E-A758-3C1B13277A60}"
EndProject
Project("{FAE04EC0-301F-11D3-BF4B-00C04F79EFBC}") = "LoopWorth.UnitTests", "tests\LoopWorth.UnitTests\LoopWorth.UnitTests.csproj", "{37952E31-5D7E-4F93-9433-A93BCC711D72}"
EndProject
Project("{FAE04EC0-301F-11D3-BF4B-00C04F79EFBC}") = "LoopWorth.IntegrationTests", "tests\LoopWorth.IntegrationTests\LoopWorth.IntegrationTests.csproj", "{0AF13242-D84C-43FC-B4E5-F06FEEAE566F}"
EndProject
Global
	GlobalSection(SolutionConfigurationPlatforms) = preSolution
		Debug|Any CPU = Debug|Any CPU
		Release|Any CPU = Release|Any CPU
	EndGlobalSection
	GlobalSection(SolutionProperties) = preSolution
		HideSolutionNode = FALSE
	EndGlobalSection
	GlobalSection(ProjectConfigurationPlatforms) = postSolution
		{6B2143C5-E087-45C7-8635-89E56497C19E}.Debug|Any CPU.ActiveCfg = Debug|Any CPU
		{6B2143C5-E087-45C7-8635-89E56497C19E}.Debug|Any CPU.Build.0 = Debug|Any CPU
		{6B2143C5-E087-45C7-8635-89E56497C19E}.Release|Any CPU.ActiveCfg = Release|Any CPU
		{6B2143C5-E087-45C7-8635-89E56497C19E}.Release|Any CPU.Build.0 = Release|Any CPU
		{08233E97-D8ED-4EBA-A100-4C6F008E6833}.Debug|Any CPU.ActiveCfg = Debug|Any CPU
		{08233E97-D8ED-4EBA-A100-4C6F008E6833}.Debug|Any CPU.Build.0 = Debug|Any CPU
		{08233E97-D8ED-4EBA-A100-4C6F008E6833}.Release|Any CPU.ActiveCfg = Release|Any CPU
		{08233E97-D8ED-4EBA-A100-4C6F008E6833}.Release|Any CPU.Build.0 = Release|Any CPU
		{1E820383-9B9B-4D6B-96B9-61B70C7203C0}.Debug|Any CPU.ActiveCfg = Debug|Any CPU
		{1E820383-9B9B-4D6B-96B9-61B70C7203C0}.Debug|Any CPU.Build.0 = Debug|Any CPU
		{1E820383-9B9B-4D6B-96B9-61B70C7203C0}.Release|Any CPU.ActiveCfg = Release|Any CPU
		{1E820383-9B9B-4D6B-96B9-61B70C7203C0}.Release|Any CPU.Build.0 = Release|Any CPU
		{F34B8883-B413-43B9-84EC-0C67C88323E2}.Debug|Any CPU.ActiveCfg = Debug|Any CPU
		{F34B8883-B413-43B9-84EC-0C67C88323E2}.Debug|Any CPU.Build.0 = Debug|Any CPU
		{F34B8883-B413-43B9-84EC-0C67C88323E2}.Release|Any CPU.ActiveCfg = Release|Any CPU
		{F34B8883-B413-43B9-84EC-0C67C88323E2}.Release|Any CPU.Build.0 = Release|Any CPU
		{37952E31-5D7E-4F93-9433-A93BCC711D72}.Debug|Any CPU.ActiveCfg = Debug|Any CPU
		{37952E31-5D7E-4F93-9433-A93BCC711D72}.Debug|Any CPU.Build.0 = Debug|Any CPU
		{37952E31-5D7E-4F93-9433-A93BCC711D72}.Release|Any CPU.ActiveCfg = Release|Any CPU
		{37952E31-5D7E-4F93-9433-A93BCC711D72}.Release|Any CPU.Build.0 = Release|Any CPU
		{0AF13242-D84C-43FC-B4E5-F06FEEAE566F}.Debug|Any CPU.ActiveCfg = Debug|Any CPU
		{0AF13242-D84C-43FC-B4E5-F06FEEAE566F}.Debug|Any CPU.Build.0 = Debug|Any CPU
		{0AF13242-D84C-43FC-B4E5-F06FEEAE566F}.Release|Any CPU.ActiveCfg = Release|Any CPU
		{0AF13242-D84C-43FC-B4E5-F06FEEAE566F}.Release|Any CPU.Build.0 = Release|Any CPU
	EndGlobalSection
	GlobalSection(NestedProjects) = preSolution
		{6B2143C5-E087-45C7-8635-89E56497C19E} = {7046F7B6-610D-4234-9267-CA64F8DC9586}
		{08233E97-D8ED-4EBA-A100-4C6F008E6833} = {7046F7B6-610D-4234-9267-CA64F8DC9586}
		{1E820383-9B9B-4D6B-96B9-61B70C7203C0} = {7046F7B6-610D-4234-9267-CA64F8DC9586}
		{F34B8883-B413-43B9-84EC-0C67C88323E2} = {7046F7B6-610D-4234-9267-CA64F8DC9586}
		{37952E31-5D7E-4F93-9433-A93BCC711D72} = {B9B83D40-A605-428E-A758-3C1B13277A60}
		{0AF13242-D84C-43FC-B4E5-F06FEEAE566F} = {B9B83D40-A605-428E-A758-3C1B13277A60}
	EndGlobalSection
EndGlobal
