
Microsoft Visual Studio Solution File, Format Version 12.00
# Visual Studio Version 17
VisualStudioVersion = 17.0.31903.59
MinimumVisualStudioVersion = 10.0.40219.1
Project("{2150E333-8FDC-42A3-9474-1A3956D46DE8}") = "src", "src", "{12344378-7DFC-4B6D-A864-503DFB805BFA}"
EndProject
Project("{FAE04EC0-301F-11D3-BF4B-00C04F79EFBC}") = "WasteToValue.Api", "src\WasteToValue.Api\WasteToValue.Api.csproj", "{1B269829-7F8A-4C6E-8350-2002C6EB34BA}"
EndProject
Project("{FAE04EC0-301F-11D3-BF4B-00C04F79EFBC}") = "WasteToValue.Agents.Items", "..\agents\items\WasteToValue.Agents.Items\WasteToValue.Agents.Items.csproj", "{F568702D-C0A7-47F8-A73B-3D10A608B553}"
EndProject
Project("{FAE04EC0-301F-11D3-BF4B-00C04F79EFBC}") = "WasteToValue.Agents.Items.Tests", "..\agents\items\WasteToValue.Agents.Items.Tests\WasteToValue.Agents.Items.Tests.csproj", "{3178A323-499E-4B9B-841B-4310FAB1A909}"
EndProject
Project("{2150E333-8FDC-42A3-9474-1A3956D46DE8}") = "tests", "tests", "{8070AF45-9107-4B0A-97B7-D24450ED423C}"
EndProject
Project("{FAE04EC0-301F-11D3-BF4B-00C04F79EFBC}") = "WasteToValue.Tests.Collections", "tests\Collections\WasteToValue.Tests.Collections.csproj", "{627671E2-D361-4107-96A3-9111A3CCE6C1}"
EndProject
Project("{FAE04EC0-301F-11D3-BF4B-00C04F79EFBC}") = "WasteToValue.Api.Items.Tests", "tests\Items\WasteToValue.Api.Items.Tests\WasteToValue.Api.Items.Tests.csproj", "{389B3A45-83C9-4FFB-AE6E-ABC1BEDD0337}"
EndProject
Project("{FAE04EC0-301F-11D3-BF4B-00C04F79EFBC}") = "WasteToValue.Recovery.Tests", "tests\Recovery\WasteToValue.Recovery.Tests\WasteToValue.Recovery.Tests.csproj", "{B07D8CB2-1351-4FE5-85B6-3CDBC9D399E1}"
EndProject
Global
	GlobalSection(SolutionConfigurationPlatforms) = preSolution
		Debug|Any CPU = Debug|Any CPU
		Release|Any CPU = Release|Any CPU
	EndGlobalSection
	GlobalSection(SolutionProperties) = preSolution
		HideSolutionNode = FALSE
	EndGlobalSection
	GlobalSection(ProjectConfigurationPlatforms) = postSolution
		{1B269829-7F8A-4C6E-8350-2002C6EB34BA}.Debug|Any CPU.ActiveCfg = Debug|Any CPU
		{1B269829-7F8A-4C6E-8350-2002C6EB34BA}.Debug|Any CPU.Build.0 = Debug|Any CPU
		{1B269829-7F8A-4C6E-8350-2002C6EB34BA}.Release|Any CPU.ActiveCfg = Release|Any CPU
		{1B269829-7F8A-4C6E-8350-2002C6EB34BA}.Release|Any CPU.Build.0 = Release|Any CPU
		{F568702D-C0A7-47F8-A73B-3D10A608B553}.Debug|Any CPU.ActiveCfg = Debug|Any CPU
		{F568702D-C0A7-47F8-A73B-3D10A608B553}.Debug|Any CPU.Build.0 = Debug|Any CPU
		{F568702D-C0A7-47F8-A73B-3D10A608B553}.Release|Any CPU.ActiveCfg = Release|Any CPU
		{F568702D-C0A7-47F8-A73B-3D10A608B553}.Release|Any CPU.Build.0 = Release|Any CPU
		{3178A323-499E-4B9B-841B-4310FAB1A909}.Debug|Any CPU.ActiveCfg = Debug|Any CPU
		{3178A323-499E-4B9B-841B-4310FAB1A909}.Debug|Any CPU.Build.0 = Debug|Any CPU
		{3178A323-499E-4B9B-841B-4310FAB1A909}.Release|Any CPU.ActiveCfg = Release|Any CPU
		{3178A323-499E-4B9B-841B-4310FAB1A909}.Release|Any CPU.Build.0 = Release|Any CPU
		{627671E2-D361-4107-96A3-9111A3CCE6C1}.Debug|Any CPU.ActiveCfg = Debug|Any CPU
		{627671E2-D361-4107-96A3-9111A3CCE6C1}.Debug|Any CPU.Build.0 = Debug|Any CPU
		{627671E2-D361-4107-96A3-9111A3CCE6C1}.Release|Any CPU.ActiveCfg = Release|Any CPU
		{627671E2-D361-4107-96A3-9111A3CCE6C1}.Release|Any CPU.Build.0 = Release|Any CPU
		{389B3A45-83C9-4FFB-AE6E-ABC1BEDD0337}.Debug|Any CPU.ActiveCfg = Debug|Any CPU
		{389B3A45-83C9-4FFB-AE6E-ABC1BEDD0337}.Debug|Any CPU.Build.0 = Debug|Any CPU
		{389B3A45-83C9-4FFB-AE6E-ABC1BEDD0337}.Release|Any CPU.ActiveCfg = Release|Any CPU
		{389B3A45-83C9-4FFB-AE6E-ABC1BEDD0337}.Release|Any CPU.Build.0 = Release|Any CPU
		{B07D8CB2-1351-4FE5-85B6-3CDBC9D399E1}.Debug|Any CPU.ActiveCfg = Debug|Any CPU
		{B07D8CB2-1351-4FE5-85B6-3CDBC9D399E1}.Debug|Any CPU.Build.0 = Debug|Any CPU
		{B07D8CB2-1351-4FE5-85B6-3CDBC9D399E1}.Release|Any CPU.ActiveCfg = Release|Any CPU
		{B07D8CB2-1351-4FE5-85B6-3CDBC9D399E1}.Release|Any CPU.Build.0 = Release|Any CPU
	EndGlobalSection
	GlobalSection(NestedProjects) = preSolution
		{1B269829-7F8A-4C6E-8350-2002C6EB34BA} = {12344378-7DFC-4B6D-A864-503DFB805BFA}
		{627671E2-D361-4107-96A3-9111A3CCE6C1} = {8070AF45-9107-4B0A-97B7-D24450ED423C}
		{389B3A45-83C9-4FFB-AE6E-ABC1BEDD0337} = {8070AF45-9107-4B0A-97B7-D24450ED423C}
		{B07D8CB2-1351-4FE5-85B6-3CDBC9D399E1} = {8070AF45-9107-4B0A-97B7-D24450ED423C}
	EndGlobalSection
EndGlobal
